
Microsoft Visual Studio Solution File, Format Version 12.00
# Visual Studio Version 17
VisualStudioVersion = 17.4.33213.308
MinimumVisualStudioVersion = 10.0.40219.1
Project("{9A19103F-16F7-4668-BE54-9A1E7A4F7556}") = "Spd.Presentation.Licensing", "Spd.Presentation.Licensing\Spd.Presentation.Licensing.csproj", "{358EC078-F4C0-4280-B155-EB5F2DAECB77}"
EndProject
Project("{9A19103F-16F7-4668-BE54-9A1E7A4F7556}") = "Spd.Engine.Search", "Spd.Engine.Search\Spd.Engine.Search.csproj", "{731E91F9-3A6F-4784-9971-A8E6F7E316FA}"
EndProject
Project("{9A19103F-16F7-4668-BE54-9A1E7A4F7556}") = "Spd.Engine.Validation", "Spd.Engine.Validation\Spd.Engine.Validation.csproj", "{B5BC4B1E-3D3B-4916-BB03-4C24B2801F4D}"
EndProject
Project("{9A19103F-16F7-4668-BE54-9A1E7A4F7556}") = "Spd.Utilities.Dynamics", "Spd.Utilities.Dynamics\Spd.Utilities.Dynamics.csproj", "{8049AFA4-AA99-4107-97F2-99FAB44AD070}"
EndProject
Project("{9A19103F-16F7-4668-BE54-9A1E7A4F7556}") = "Spd.Utilities.FileStorage", "Spd.Utilities.FileStorage\Spd.Utilities.FileStorage.csproj", "{992C8D0E-FAD3-4240-9C0A-6852C3A99B43}"
EndProject
Project("{9A19103F-16F7-4668-BE54-9A1E7A4F7556}") = "Spd.Utilities.Address", "Spd.Utilities.Address\Spd.Utilities.Address.csproj", "{D5121788-04A8-43BD-AD5A-CBEB10D1FBC1}"
EndProject
Project("{9A19103F-16F7-4668-BE54-9A1E7A4F7556}") = "Spd.Presentation.Screening", "Spd.Presentation.Screening\Spd.Presentation.Screening.csproj", "{27C8CCAC-0390-4A80-894D-8FF9253105EA}"
EndProject
Project("{9A19103F-16F7-4668-BE54-9A1E7A4F7556}") = "Spd.Utilities.Cache", "Spd.Utilities.Cache\Spd.Utilities.Cache.csproj", "{B285B5F9-BDB3-43A0-89A7-33B9FCE19031}"
EndProject
Project("{9A19103F-16F7-4668-BE54-9A1E7A4F7556}") = "Spd.Utilities.Hosting", "Spd.Utilities.Hosting\Spd.Utilities.Hosting.csproj", "{B5549F0F-1F0E-4AC1-8A24-F1B14D1BB6E6}"
EndProject
Project("{2150E333-8FDC-42A3-9474-1A3956D46DE8}") = "Engine", "Engine", "{D2372F2D-0320-427B-9AA1-331722AB00EE}"
EndProject
Project("{2150E333-8FDC-42A3-9474-1A3956D46DE8}") = "Manager", "Manager", "{AFA7034A-A8B1-489C-9A24-030B05C5412B}"
EndProject
Project("{2150E333-8FDC-42A3-9474-1A3956D46DE8}") = "Repository", "Repository", "{8D004FC3-58FA-40BA-9826-B0A2D8B8C7BD}"
EndProject
Project("{2150E333-8FDC-42A3-9474-1A3956D46DE8}") = "Utilities", "Utilities", "{744553C0-C41C-4315-9592-92A97938234E}"
EndProject
Project("{2150E333-8FDC-42A3-9474-1A3956D46DE8}") = "Presentation", "Presentation", "{B5A15349-F339-4FA1-A05D-7EE9866B8B46}"
EndProject
Project("{9A19103F-16F7-4668-BE54-9A1E7A4F7556}") = "Spd.Utilities.LogonUser", "Spd.Utilities.LogonUser\Spd.Utilities.LogonUser.csproj", "{D7BCD13A-CCC7-4BC8-BF21-98C6FDCA8233}"
EndProject
Project("{9A19103F-16F7-4668-BE54-9A1E7A4F7556}") = "Spd.Utilities.Shared", "Spd.Utilities.Shared\Spd.Utilities.Shared.csproj", "{817A7ED1-4E92-4B0B-B567-EAA6A37DDAED}"
EndProject
Project("{9A19103F-16F7-4668-BE54-9A1E7A4F7556}") = "Spd.Presentation.Dynamics", "Spd.Presentation.Dynamics\Spd.Presentation.Dynamics.csproj", "{923E8E8C-E4D6-41E7-A408-174E51BF16A3}"
EndProject
Project("{2150E333-8FDC-42A3-9474-1A3956D46DE8}") = "Tests", "Tests", "{44CEC402-28D1-4A94-B18A-F3147AD4CCCE}"
EndProject
Project("{9A19103F-16F7-4668-BE54-9A1E7A4F7556}") = "Spd.Tests.Presentation.Dynamics", "Spd.Tests.Presentation.Dynamics\Spd.Tests.Presentation.Dynamics.csproj", "{DC7A40EF-3210-4343-ACAB-84C885539377}"
EndProject
Project("{2150E333-8FDC-42A3-9474-1A3956D46DE8}") = "Solution Items", "Solution Items", "{03AFB695-813D-4F33-900A-5F4992DF0568}"
	ProjectSection(SolutionItems) = preProject
		.editorconfig = .editorconfig
		Directory.Build.props = Directory.Build.props
		Directory.Packages.props = Directory.Packages.props
		global.json = global.json
	EndProjectSection
EndProject
Project("{9A19103F-16F7-4668-BE54-9A1E7A4F7556}") = "Spd.Utilities.Recaptcha", "Spd.Utilities.Recaptcha\Spd.Utilities.Recaptcha.csproj", "{0427917A-E353-474B-9AC9-1816277FDED5}"
EndProject
Project("{9A19103F-16F7-4668-BE54-9A1E7A4F7556}") = "Spd.Tests.Presentation.Screening", "Spd.Tests.Presentation.Screening\Spd.Tests.Presentation.Screening.csproj", "{4024BBBE-212C-47B4-BEFD-BA956DFEFC77}"
EndProject
Project("{9A19103F-16F7-4668-BE54-9A1E7A4F7556}") = "Spd.Utilities.TempFileStorage", "Spd.Utilities.TempFileStorage\Spd.Utilities.TempFileStorage.csproj", "{C71B163E-216F-481E-8402-B6BEBF7EFDBC}"
EndProject
Project("{9A19103F-16F7-4668-BE54-9A1E7A4F7556}") = "Spd.Utilities.Payment", "Spd.Utilities.Payment\Spd.Utilities.Payment.csproj", "{F0BDD571-19CF-41F8-91B6-2115109DDC2B}"
EndProject
Project("{9A19103F-16F7-4668-BE54-9A1E7A4F7556}") = "Spd.Utilities.BCeIDWS", "Spd.Utilities.BCeIDWS\Spd.Utilities.BCeIDWS.csproj", "{C16D353E-67D6-4EA0-9400-167234A5DC35}"
EndProject
Project("{9A19103F-16F7-4668-BE54-9A1E7A4F7556}") = "Spd.Manager.Licence", "Spd.Manager.Licence\Spd.Manager.Licence.csproj", "{119B3695-6918-46DD-82B7-493C9F6CAB77}"
EndProject
Project("{9A19103F-16F7-4668-BE54-9A1E7A4F7556}") = "Spd.Manager.Common", "Spd.Manager.Common\Spd.Manager.Common.csproj", "{D0A77F21-2E69-4526-87F9-649BEF9422E3}"
EndProject
Project("{9A19103F-16F7-4668-BE54-9A1E7A4F7556}") = "Spd.Utilities.Printing", "Spd.Utilities.Printing\Spd.Utilities.Printing.csproj", "{6CF6C34F-23B4-4700-94A5-8BFA19D95238}"
EndProject
Project("{9A19103F-16F7-4668-BE54-9A1E7A4F7556}") = "Spd.Tests", "Spd.Tests\Spd.Tests.csproj", "{614AE12B-8E11-4466-A4AC-9A6D47150375}"
EndProject
Project("{9A19103F-16F7-4668-BE54-9A1E7A4F7556}") = "Spd.Manager.Payment", "Spd.Manager.Payment\Spd.Manager.Payment.csproj", "{184CB1C9-EC53-4471-80A8-61AB9BA730D1}"
EndProject
Project("{9A19103F-16F7-4668-BE54-9A1E7A4F7556}") = "Spd.Manager.Shared", "Spd.Manager.Shared\Spd.Manager.Shared.csproj", "{FA99429F-69D1-4BFE-BABF-156BF0FD0372}"
EndProject
Project("{9A19103F-16F7-4668-BE54-9A1E7A4F7556}") = "Spd.Manager.Screening", "Spd.Manager.Screening\Spd.Manager.Screening.csproj", "{3090F64A-05C1-4202-8139-08FEBF57A2D9}"
EndProject
Project("{9A19103F-16F7-4668-BE54-9A1E7A4F7556}") = "Spd.Resource.Repository", "Spd.Resource.Repository\Spd.Resource.Repository.csproj", "{E69649CE-E31E-4719-A700-6BA2B5580697}"
EndProject
Project("{9A19103F-16F7-4668-BE54-9A1E7A4F7556}") = "Spd.Presentation.Dynamics.UnitTest", "Spd.Presentation.Dynamics.UnitTest\Spd.Presentation.Dynamics.UnitTest.csproj", "{33567F85-3F18-4DA6-AB0B-78BB7FDA6A9A}"
EndProject
Project("{9A19103F-16F7-4668-BE54-9A1E7A4F7556}") = "Spd.Presentation.Licensing.UnitTest", "Spd.Presentation.Licensing.UnitTest\Spd.Presentation.Licensing.UnitTest.csproj", "{6D1D6339-73D4-4E73-BF92-4CCA2E9EF180}"
EndProject
Project("{9A19103F-16F7-4668-BE54-9A1E7A4F7556}") = "Spd.Manager.Licence.UnitTest", "Spd.Manager.Licence.UnitTest\Spd.Manager.Licence.UnitTest.csproj", "{53D19A90-22FF-4AC8-9EC7-B3711456F053}"
EndProject
Project("{9A19103F-16F7-4668-BE54-9A1E7A4F7556}") = "Spd.Resource.Repository.IntegrationTest", "Spd.Resource.Repository.IntegrationTest\Spd.Resource.Repository.IntegrationTest.csproj", "{9C0BB07F-92A3-41AA-8A8C-08DEF0F07C88}"
EndProject
Project("{9A19103F-16F7-4668-BE54-9A1E7A4F7556}") = "Spd.Utilities.FileStorage.IntegrationTest", "Spd.Utilities.FileStorage.IntegrationTest\Spd.Utilities.FileStorage.IntegrationTest.csproj", "{6C261295-90F3-4889-BFD8-E9D504ADC487}"
EndProject
Project("{9A19103F-16F7-4668-BE54-9A1E7A4F7556}") = "Spd.Manager.Common.UnitTest", "Spd.Manager.Common.UnitTest\Spd.Manager.Common.UnitTest.csproj", "{9C5AE33C-0C4E-47C1-8F87-D222B9ADC87C}"
EndProject
Project("{9A19103F-16F7-4668-BE54-9A1E7A4F7556}") = "Spd.Manager.Screening.UnitTest", "Spd.Manager.Screening.UnitTest\Spd.Manager.Screening.UnitTest.csproj", "{2971FFA0-A3D7-4632-89CD-D69C369B2DC6}"
EndProject
Project("{9A19103F-16F7-4668-BE54-9A1E7A4F7556}") = "Spd.Presentation.Screening.UnitTest", "Spd.Presentation.Screening.UnitTest\Spd.Presentation.Screening.UnitTest.csproj", "{176888CB-63E7-41C9-A96D-67428EC6D27E}"
EndProject
Project("{9A19103F-16F7-4668-BE54-9A1E7A4F7556}") = "Spd.Manager.Printing", "Spd.Manager.Printing\Spd.Manager.Printing.csproj", "{A3483065-B07D-4FD1-8FE4-D261A58AFFB1}"
EndProject
Project("{FAE04EC0-301F-11D3-BF4B-00C04F79EFBC}") = "Spd.Utilities.BCeIDWS.IntegrationTest", "Spd.Utilities.BCeIDWS.IntegrationTest\Spd.Utilities.BCeIDWS.IntegrationTest.csproj", "{CE58D2CC-31CC-47DA-ACEA-123CBCF094E8}"
EndProject
Global
	GlobalSection(SolutionConfigurationPlatforms) = preSolution
		Debug|Any CPU = Debug|Any CPU
		Release|Any CPU = Release|Any CPU
	EndGlobalSection
	GlobalSection(ProjectConfigurationPlatforms) = postSolution
		{358EC078-F4C0-4280-B155-EB5F2DAECB77}.Debug|Any CPU.ActiveCfg = Debug|Any CPU
		{358EC078-F4C0-4280-B155-EB5F2DAECB77}.Debug|Any CPU.Build.0 = Debug|Any CPU
		{358EC078-F4C0-4280-B155-EB5F2DAECB77}.Release|Any CPU.ActiveCfg = Release|Any CPU
		{358EC078-F4C0-4280-B155-EB5F2DAECB77}.Release|Any CPU.Build.0 = Release|Any CPU
		{731E91F9-3A6F-4784-9971-A8E6F7E316FA}.Debug|Any CPU.ActiveCfg = Debug|Any CPU
		{731E91F9-3A6F-4784-9971-A8E6F7E316FA}.Debug|Any CPU.Build.0 = Debug|Any CPU
		{731E91F9-3A6F-4784-9971-A8E6F7E316FA}.Release|Any CPU.ActiveCfg = Release|Any CPU
		{731E91F9-3A6F-4784-9971-A8E6F7E316FA}.Release|Any CPU.Build.0 = Release|Any CPU
		{B5BC4B1E-3D3B-4916-BB03-4C24B2801F4D}.Debug|Any CPU.ActiveCfg = Debug|Any CPU
		{B5BC4B1E-3D3B-4916-BB03-4C24B2801F4D}.Debug|Any CPU.Build.0 = Debug|Any CPU
		{B5BC4B1E-3D3B-4916-BB03-4C24B2801F4D}.Release|Any CPU.ActiveCfg = Release|Any CPU
		{B5BC4B1E-3D3B-4916-BB03-4C24B2801F4D}.Release|Any CPU.Build.0 = Release|Any CPU
		{8049AFA4-AA99-4107-97F2-99FAB44AD070}.Debug|Any CPU.ActiveCfg = Debug|Any CPU
		{8049AFA4-AA99-4107-97F2-99FAB44AD070}.Debug|Any CPU.Build.0 = Debug|Any CPU
		{8049AFA4-AA99-4107-97F2-99FAB44AD070}.Release|Any CPU.ActiveCfg = Release|Any CPU
		{8049AFA4-AA99-4107-97F2-99FAB44AD070}.Release|Any CPU.Build.0 = Release|Any CPU
		{992C8D0E-FAD3-4240-9C0A-6852C3A99B43}.Debug|Any CPU.ActiveCfg = Debug|Any CPU
		{992C8D0E-FAD3-4240-9C0A-6852C3A99B43}.Debug|Any CPU.Build.0 = Debug|Any CPU
		{992C8D0E-FAD3-4240-9C0A-6852C3A99B43}.Release|Any CPU.ActiveCfg = Release|Any CPU
		{992C8D0E-FAD3-4240-9C0A-6852C3A99B43}.Release|Any CPU.Build.0 = Release|Any CPU
		{D5121788-04A8-43BD-AD5A-CBEB10D1FBC1}.Debug|Any CPU.ActiveCfg = Debug|Any CPU
		{D5121788-04A8-43BD-AD5A-CBEB10D1FBC1}.Debug|Any CPU.Build.0 = Debug|Any CPU
		{D5121788-04A8-43BD-AD5A-CBEB10D1FBC1}.Release|Any CPU.ActiveCfg = Release|Any CPU
		{D5121788-04A8-43BD-AD5A-CBEB10D1FBC1}.Release|Any CPU.Build.0 = Release|Any CPU
		{27C8CCAC-0390-4A80-894D-8FF9253105EA}.Debug|Any CPU.ActiveCfg = Debug|Any CPU
		{27C8CCAC-0390-4A80-894D-8FF9253105EA}.Debug|Any CPU.Build.0 = Debug|Any CPU
		{27C8CCAC-0390-4A80-894D-8FF9253105EA}.Release|Any CPU.ActiveCfg = Release|Any CPU
		{27C8CCAC-0390-4A80-894D-8FF9253105EA}.Release|Any CPU.Build.0 = Release|Any CPU
		{B285B5F9-BDB3-43A0-89A7-33B9FCE19031}.Debug|Any CPU.ActiveCfg = Debug|Any CPU
		{B285B5F9-BDB3-43A0-89A7-33B9FCE19031}.Debug|Any CPU.Build.0 = Debug|Any CPU
		{B285B5F9-BDB3-43A0-89A7-33B9FCE19031}.Release|Any CPU.ActiveCfg = Release|Any CPU
		{B285B5F9-BDB3-43A0-89A7-33B9FCE19031}.Release|Any CPU.Build.0 = Release|Any CPU
		{B5549F0F-1F0E-4AC1-8A24-F1B14D1BB6E6}.Debug|Any CPU.ActiveCfg = Debug|Any CPU
		{B5549F0F-1F0E-4AC1-8A24-F1B14D1BB6E6}.Debug|Any CPU.Build.0 = Debug|Any CPU
		{B5549F0F-1F0E-4AC1-8A24-F1B14D1BB6E6}.Release|Any CPU.ActiveCfg = Release|Any CPU
		{B5549F0F-1F0E-4AC1-8A24-F1B14D1BB6E6}.Release|Any CPU.Build.0 = Release|Any CPU
		{D7BCD13A-CCC7-4BC8-BF21-98C6FDCA8233}.Debug|Any CPU.ActiveCfg = Debug|Any CPU
		{D7BCD13A-CCC7-4BC8-BF21-98C6FDCA8233}.Debug|Any CPU.Build.0 = Debug|Any CPU
		{D7BCD13A-CCC7-4BC8-BF21-98C6FDCA8233}.Release|Any CPU.ActiveCfg = Release|Any CPU
		{D7BCD13A-CCC7-4BC8-BF21-98C6FDCA8233}.Release|Any CPU.Build.0 = Release|Any CPU
		{817A7ED1-4E92-4B0B-B567-EAA6A37DDAED}.Debug|Any CPU.ActiveCfg = Debug|Any CPU
		{817A7ED1-4E92-4B0B-B567-EAA6A37DDAED}.Debug|Any CPU.Build.0 = Debug|Any CPU
		{817A7ED1-4E92-4B0B-B567-EAA6A37DDAED}.Release|Any CPU.ActiveCfg = Release|Any CPU
		{817A7ED1-4E92-4B0B-B567-EAA6A37DDAED}.Release|Any CPU.Build.0 = Release|Any CPU
		{923E8E8C-E4D6-41E7-A408-174E51BF16A3}.Debug|Any CPU.ActiveCfg = Debug|Any CPU
		{923E8E8C-E4D6-41E7-A408-174E51BF16A3}.Debug|Any CPU.Build.0 = Debug|Any CPU
		{923E8E8C-E4D6-41E7-A408-174E51BF16A3}.Release|Any CPU.ActiveCfg = Release|Any CPU
		{923E8E8C-E4D6-41E7-A408-174E51BF16A3}.Release|Any CPU.Build.0 = Release|Any CPU
		{DC7A40EF-3210-4343-ACAB-84C885539377}.Debug|Any CPU.ActiveCfg = Debug|Any CPU
		{DC7A40EF-3210-4343-ACAB-84C885539377}.Debug|Any CPU.Build.0 = Debug|Any CPU
		{DC7A40EF-3210-4343-ACAB-84C885539377}.Release|Any CPU.ActiveCfg = Release|Any CPU
		{DC7A40EF-3210-4343-ACAB-84C885539377}.Release|Any CPU.Build.0 = Release|Any CPU
		{0427917A-E353-474B-9AC9-1816277FDED5}.Debug|Any CPU.ActiveCfg = Debug|Any CPU
		{0427917A-E353-474B-9AC9-1816277FDED5}.Debug|Any CPU.Build.0 = Debug|Any CPU
		{0427917A-E353-474B-9AC9-1816277FDED5}.Release|Any CPU.ActiveCfg = Release|Any CPU
		{0427917A-E353-474B-9AC9-1816277FDED5}.Release|Any CPU.Build.0 = Release|Any CPU
		{4024BBBE-212C-47B4-BEFD-BA956DFEFC77}.Debug|Any CPU.ActiveCfg = Debug|Any CPU
		{4024BBBE-212C-47B4-BEFD-BA956DFEFC77}.Debug|Any CPU.Build.0 = Debug|Any CPU
		{4024BBBE-212C-47B4-BEFD-BA956DFEFC77}.Release|Any CPU.ActiveCfg = Release|Any CPU
		{4024BBBE-212C-47B4-BEFD-BA956DFEFC77}.Release|Any CPU.Build.0 = Release|Any CPU
		{C71B163E-216F-481E-8402-B6BEBF7EFDBC}.Debug|Any CPU.ActiveCfg = Debug|Any CPU
		{C71B163E-216F-481E-8402-B6BEBF7EFDBC}.Debug|Any CPU.Build.0 = Debug|Any CPU
		{C71B163E-216F-481E-8402-B6BEBF7EFDBC}.Release|Any CPU.ActiveCfg = Release|Any CPU
		{C71B163E-216F-481E-8402-B6BEBF7EFDBC}.Release|Any CPU.Build.0 = Release|Any CPU
		{F0BDD571-19CF-41F8-91B6-2115109DDC2B}.Debug|Any CPU.ActiveCfg = Debug|Any CPU
		{F0BDD571-19CF-41F8-91B6-2115109DDC2B}.Debug|Any CPU.Build.0 = Debug|Any CPU
		{F0BDD571-19CF-41F8-91B6-2115109DDC2B}.Release|Any CPU.ActiveCfg = Release|Any CPU
		{F0BDD571-19CF-41F8-91B6-2115109DDC2B}.Release|Any CPU.Build.0 = Release|Any CPU
		{C16D353E-67D6-4EA0-9400-167234A5DC35}.Debug|Any CPU.ActiveCfg = Debug|Any CPU
		{C16D353E-67D6-4EA0-9400-167234A5DC35}.Debug|Any CPU.Build.0 = Debug|Any CPU
		{C16D353E-67D6-4EA0-9400-167234A5DC35}.Release|Any CPU.ActiveCfg = Release|Any CPU
		{C16D353E-67D6-4EA0-9400-167234A5DC35}.Release|Any CPU.Build.0 = Release|Any CPU
		{119B3695-6918-46DD-82B7-493C9F6CAB77}.Debug|Any CPU.ActiveCfg = Debug|Any CPU
		{119B3695-6918-46DD-82B7-493C9F6CAB77}.Debug|Any CPU.Build.0 = Debug|Any CPU
		{119B3695-6918-46DD-82B7-493C9F6CAB77}.Release|Any CPU.ActiveCfg = Release|Any CPU
		{119B3695-6918-46DD-82B7-493C9F6CAB77}.Release|Any CPU.Build.0 = Release|Any CPU
		{D0A77F21-2E69-4526-87F9-649BEF9422E3}.Debug|Any CPU.ActiveCfg = Debug|Any CPU
		{D0A77F21-2E69-4526-87F9-649BEF9422E3}.Debug|Any CPU.Build.0 = Debug|Any CPU
		{D0A77F21-2E69-4526-87F9-649BEF9422E3}.Release|Any CPU.ActiveCfg = Release|Any CPU
		{D0A77F21-2E69-4526-87F9-649BEF9422E3}.Release|Any CPU.Build.0 = Release|Any CPU
		{6CF6C34F-23B4-4700-94A5-8BFA19D95238}.Debug|Any CPU.ActiveCfg = Debug|Any CPU
		{6CF6C34F-23B4-4700-94A5-8BFA19D95238}.Debug|Any CPU.Build.0 = Debug|Any CPU
		{6CF6C34F-23B4-4700-94A5-8BFA19D95238}.Release|Any CPU.ActiveCfg = Release|Any CPU
		{6CF6C34F-23B4-4700-94A5-8BFA19D95238}.Release|Any CPU.Build.0 = Release|Any CPU
		{614AE12B-8E11-4466-A4AC-9A6D47150375}.Debug|Any CPU.ActiveCfg = Debug|Any CPU
		{614AE12B-8E11-4466-A4AC-9A6D47150375}.Debug|Any CPU.Build.0 = Debug|Any CPU
		{614AE12B-8E11-4466-A4AC-9A6D47150375}.Release|Any CPU.ActiveCfg = Release|Any CPU
		{614AE12B-8E11-4466-A4AC-9A6D47150375}.Release|Any CPU.Build.0 = Release|Any CPU
		{184CB1C9-EC53-4471-80A8-61AB9BA730D1}.Debug|Any CPU.ActiveCfg = Debug|Any CPU
		{184CB1C9-EC53-4471-80A8-61AB9BA730D1}.Debug|Any CPU.Build.0 = Debug|Any CPU
		{184CB1C9-EC53-4471-80A8-61AB9BA730D1}.Release|Any CPU.ActiveCfg = Release|Any CPU
		{184CB1C9-EC53-4471-80A8-61AB9BA730D1}.Release|Any CPU.Build.0 = Release|Any CPU
		{FA99429F-69D1-4BFE-BABF-156BF0FD0372}.Debug|Any CPU.ActiveCfg = Debug|Any CPU
		{FA99429F-69D1-4BFE-BABF-156BF0FD0372}.Debug|Any CPU.Build.0 = Debug|Any CPU
		{FA99429F-69D1-4BFE-BABF-156BF0FD0372}.Release|Any CPU.ActiveCfg = Release|Any CPU
		{FA99429F-69D1-4BFE-BABF-156BF0FD0372}.Release|Any CPU.Build.0 = Release|Any CPU
		{3090F64A-05C1-4202-8139-08FEBF57A2D9}.Debug|Any CPU.ActiveCfg = Debug|Any CPU
		{3090F64A-05C1-4202-8139-08FEBF57A2D9}.Debug|Any CPU.Build.0 = Debug|Any CPU
		{3090F64A-05C1-4202-8139-08FEBF57A2D9}.Release|Any CPU.ActiveCfg = Release|Any CPU
		{3090F64A-05C1-4202-8139-08FEBF57A2D9}.Release|Any CPU.Build.0 = Release|Any CPU
		{E69649CE-E31E-4719-A700-6BA2B5580697}.Debug|Any CPU.ActiveCfg = Debug|Any CPU
		{E69649CE-E31E-4719-A700-6BA2B5580697}.Debug|Any CPU.Build.0 = Debug|Any CPU
		{E69649CE-E31E-4719-A700-6BA2B5580697}.Release|Any CPU.ActiveCfg = Release|Any CPU
		{E69649CE-E31E-4719-A700-6BA2B5580697}.Release|Any CPU.Build.0 = Release|Any CPU
		{33567F85-3F18-4DA6-AB0B-78BB7FDA6A9A}.Debug|Any CPU.ActiveCfg = Debug|Any CPU
		{33567F85-3F18-4DA6-AB0B-78BB7FDA6A9A}.Debug|Any CPU.Build.0 = Debug|Any CPU
		{33567F85-3F18-4DA6-AB0B-78BB7FDA6A9A}.Release|Any CPU.ActiveCfg = Release|Any CPU
		{33567F85-3F18-4DA6-AB0B-78BB7FDA6A9A}.Release|Any CPU.Build.0 = Release|Any CPU
		{6D1D6339-73D4-4E73-BF92-4CCA2E9EF180}.Debug|Any CPU.ActiveCfg = Debug|Any CPU
		{6D1D6339-73D4-4E73-BF92-4CCA2E9EF180}.Debug|Any CPU.Build.0 = Debug|Any CPU
		{6D1D6339-73D4-4E73-BF92-4CCA2E9EF180}.Release|Any CPU.ActiveCfg = Release|Any CPU
		{6D1D6339-73D4-4E73-BF92-4CCA2E9EF180}.Release|Any CPU.Build.0 = Release|Any CPU
		{53D19A90-22FF-4AC8-9EC7-B3711456F053}.Debug|Any CPU.ActiveCfg = Debug|Any CPU
		{53D19A90-22FF-4AC8-9EC7-B3711456F053}.Debug|Any CPU.Build.0 = Debug|Any CPU
		{53D19A90-22FF-4AC8-9EC7-B3711456F053}.Release|Any CPU.ActiveCfg = Release|Any CPU
		{53D19A90-22FF-4AC8-9EC7-B3711456F053}.Release|Any CPU.Build.0 = Release|Any CPU
		{9C0BB07F-92A3-41AA-8A8C-08DEF0F07C88}.Debug|Any CPU.ActiveCfg = Debug|Any CPU
		{9C0BB07F-92A3-41AA-8A8C-08DEF0F07C88}.Debug|Any CPU.Build.0 = Debug|Any CPU
		{9C0BB07F-92A3-41AA-8A8C-08DEF0F07C88}.Release|Any CPU.ActiveCfg = Release|Any CPU
		{9C0BB07F-92A3-41AA-8A8C-08DEF0F07C88}.Release|Any CPU.Build.0 = Release|Any CPU
		{6C261295-90F3-4889-BFD8-E9D504ADC487}.Debug|Any CPU.ActiveCfg = Debug|Any CPU
		{6C261295-90F3-4889-BFD8-E9D504ADC487}.Debug|Any CPU.Build.0 = Debug|Any CPU
		{6C261295-90F3-4889-BFD8-E9D504ADC487}.Release|Any CPU.ActiveCfg = Release|Any CPU
		{6C261295-90F3-4889-BFD8-E9D504ADC487}.Release|Any CPU.Build.0 = Release|Any CPU
		{9C5AE33C-0C4E-47C1-8F87-D222B9ADC87C}.Debug|Any CPU.ActiveCfg = Debug|Any CPU
		{9C5AE33C-0C4E-47C1-8F87-D222B9ADC87C}.Debug|Any CPU.Build.0 = Debug|Any CPU
		{9C5AE33C-0C4E-47C1-8F87-D222B9ADC87C}.Release|Any CPU.ActiveCfg = Release|Any CPU
		{9C5AE33C-0C4E-47C1-8F87-D222B9ADC87C}.Release|Any CPU.Build.0 = Release|Any CPU
		{2971FFA0-A3D7-4632-89CD-D69C369B2DC6}.Debug|Any CPU.ActiveCfg = Debug|Any CPU
		{2971FFA0-A3D7-4632-89CD-D69C369B2DC6}.Debug|Any CPU.Build.0 = Debug|Any CPU
		{2971FFA0-A3D7-4632-89CD-D69C369B2DC6}.Release|Any CPU.ActiveCfg = Release|Any CPU
		{2971FFA0-A3D7-4632-89CD-D69C369B2DC6}.Release|Any CPU.Build.0 = Release|Any CPU
		{176888CB-63E7-41C9-A96D-67428EC6D27E}.Debug|Any CPU.ActiveCfg = Debug|Any CPU
		{176888CB-63E7-41C9-A96D-67428EC6D27E}.Debug|Any CPU.Build.0 = Debug|Any CPU
		{176888CB-63E7-41C9-A96D-67428EC6D27E}.Release|Any CPU.ActiveCfg = Release|Any CPU
		{176888CB-63E7-41C9-A96D-67428EC6D27E}.Release|Any CPU.Build.0 = Release|Any CPU
		{A3483065-B07D-4FD1-8FE4-D261A58AFFB1}.Debug|Any CPU.ActiveCfg = Debug|Any CPU
		{A3483065-B07D-4FD1-8FE4-D261A58AFFB1}.Debug|Any CPU.Build.0 = Debug|Any CPU
		{A3483065-B07D-4FD1-8FE4-D261A58AFFB1}.Release|Any CPU.ActiveCfg = Release|Any CPU
		{A3483065-B07D-4FD1-8FE4-D261A58AFFB1}.Release|Any CPU.Build.0 = Release|Any CPU
		{CE58D2CC-31CC-47DA-ACEA-123CBCF094E8}.Debug|Any CPU.ActiveCfg = Debug|Any CPU
		{CE58D2CC-31CC-47DA-ACEA-123CBCF094E8}.Debug|Any CPU.Build.0 = Debug|Any CPU
		{CE58D2CC-31CC-47DA-ACEA-123CBCF094E8}.Release|Any CPU.ActiveCfg = Release|Any CPU
		{CE58D2CC-31CC-47DA-ACEA-123CBCF094E8}.Release|Any CPU.Build.0 = Release|Any CPU
	EndGlobalSection
	GlobalSection(SolutionProperties) = preSolution
		HideSolutionNode = FALSE
	EndGlobalSection
	GlobalSection(NestedProjects) = preSolution
		{358EC078-F4C0-4280-B155-EB5F2DAECB77} = {B5A15349-F339-4FA1-A05D-7EE9866B8B46}
		{731E91F9-3A6F-4784-9971-A8E6F7E316FA} = {D2372F2D-0320-427B-9AA1-331722AB00EE}
		{B5BC4B1E-3D3B-4916-BB03-4C24B2801F4D} = {D2372F2D-0320-427B-9AA1-331722AB00EE}
		{8049AFA4-AA99-4107-97F2-99FAB44AD070} = {744553C0-C41C-4315-9592-92A97938234E}
		{992C8D0E-FAD3-4240-9C0A-6852C3A99B43} = {744553C0-C41C-4315-9592-92A97938234E}
		{D5121788-04A8-43BD-AD5A-CBEB10D1FBC1} = {744553C0-C41C-4315-9592-92A97938234E}
		{27C8CCAC-0390-4A80-894D-8FF9253105EA} = {B5A15349-F339-4FA1-A05D-7EE9866B8B46}
		{B285B5F9-BDB3-43A0-89A7-33B9FCE19031} = {744553C0-C41C-4315-9592-92A97938234E}
		{B5549F0F-1F0E-4AC1-8A24-F1B14D1BB6E6} = {744553C0-C41C-4315-9592-92A97938234E}
		{D7BCD13A-CCC7-4BC8-BF21-98C6FDCA8233} = {744553C0-C41C-4315-9592-92A97938234E}
		{817A7ED1-4E92-4B0B-B567-EAA6A37DDAED} = {744553C0-C41C-4315-9592-92A97938234E}
		{923E8E8C-E4D6-41E7-A408-174E51BF16A3} = {B5A15349-F339-4FA1-A05D-7EE9866B8B46}
		{DC7A40EF-3210-4343-ACAB-84C885539377} = {44CEC402-28D1-4A94-B18A-F3147AD4CCCE}
		{0427917A-E353-474B-9AC9-1816277FDED5} = {744553C0-C41C-4315-9592-92A97938234E}
		{4024BBBE-212C-47B4-BEFD-BA956DFEFC77} = {44CEC402-28D1-4A94-B18A-F3147AD4CCCE}
		{C71B163E-216F-481E-8402-B6BEBF7EFDBC} = {744553C0-C41C-4315-9592-92A97938234E}
		{F0BDD571-19CF-41F8-91B6-2115109DDC2B} = {744553C0-C41C-4315-9592-92A97938234E}
		{C16D353E-67D6-4EA0-9400-167234A5DC35} = {744553C0-C41C-4315-9592-92A97938234E}
		{119B3695-6918-46DD-82B7-493C9F6CAB77} = {AFA7034A-A8B1-489C-9A24-030B05C5412B}
		{D0A77F21-2E69-4526-87F9-649BEF9422E3} = {AFA7034A-A8B1-489C-9A24-030B05C5412B}
		{6CF6C34F-23B4-4700-94A5-8BFA19D95238} = {744553C0-C41C-4315-9592-92A97938234E}
		{614AE12B-8E11-4466-A4AC-9A6D47150375} = {44CEC402-28D1-4A94-B18A-F3147AD4CCCE}
		{184CB1C9-EC53-4471-80A8-61AB9BA730D1} = {AFA7034A-A8B1-489C-9A24-030B05C5412B}
		{FA99429F-69D1-4BFE-BABF-156BF0FD0372} = {AFA7034A-A8B1-489C-9A24-030B05C5412B}
		{3090F64A-05C1-4202-8139-08FEBF57A2D9} = {AFA7034A-A8B1-489C-9A24-030B05C5412B}
		{E69649CE-E31E-4719-A700-6BA2B5580697} = {8D004FC3-58FA-40BA-9826-B0A2D8B8C7BD}
		{33567F85-3F18-4DA6-AB0B-78BB7FDA6A9A} = {44CEC402-28D1-4A94-B18A-F3147AD4CCCE}
		{6D1D6339-73D4-4E73-BF92-4CCA2E9EF180} = {44CEC402-28D1-4A94-B18A-F3147AD4CCCE}
		{53D19A90-22FF-4AC8-9EC7-B3711456F053} = {44CEC402-28D1-4A94-B18A-F3147AD4CCCE}
		{9C0BB07F-92A3-41AA-8A8C-08DEF0F07C88} = {44CEC402-28D1-4A94-B18A-F3147AD4CCCE}
		{6C261295-90F3-4889-BFD8-E9D504ADC487} = {44CEC402-28D1-4A94-B18A-F3147AD4CCCE}
		{9C5AE33C-0C4E-47C1-8F87-D222B9ADC87C} = {44CEC402-28D1-4A94-B18A-F3147AD4CCCE}
		{2971FFA0-A3D7-4632-89CD-D69C369B2DC6} = {44CEC402-28D1-4A94-B18A-F3147AD4CCCE}
		{176888CB-63E7-41C9-A96D-67428EC6D27E} = {44CEC402-28D1-4A94-B18A-F3147AD4CCCE}
		{A3483065-B07D-4FD1-8FE4-D261A58AFFB1} = {AFA7034A-A8B1-489C-9A24-030B05C5412B}
		{CE58D2CC-31CC-47DA-ACEA-123CBCF094E8} = {44CEC402-28D1-4A94-B18A-F3147AD4CCCE}
	EndGlobalSection
	GlobalSection(ExtensibilityGlobals) = postSolution
		SolutionGuid = {07609A1C-A62A-4B0C-85C1-40600CB3DC45}
	EndGlobalSection
EndGlobal
